
Microsoft Visual Studio Solution File, Format Version 12.00
# Visual Studio 15
VisualStudioVersion = 15.0.28307.572
MinimumVisualStudioVersion = 10.0.40219.1
Project("{9A19103F-16F7-4668-BE54-9A1E7A4F7556}") = "Genetic AI Demo", "Genetic AI Demo.csproj", "{F011F1E3-34B2-41C4-BCB7-124B0C4BA31E}"
EndProject
Project("{9A19103F-16F7-4668-BE54-9A1E7A4F7556}") = "Newtonsoft.Json", "..\Newtonsoft.Json-12.0.2\Newtonsoft.Json-12.0.2\Src\Newtonsoft.Json\Newtonsoft.Json.csproj", "{3E1B2A53-9B8D-4618-B5EF-16ABFC78F0FB}"
EndProject
Global
	GlobalSection(SolutionConfigurationPlatforms) = preSolution
		Debug|Any CPU = Debug|Any CPU
		Release|Any CPU = Release|Any CPU
	EndGlobalSection
	GlobalSection(ProjectConfigurationPlatforms) = postSolution
		{F011F1E3-34B2-41C4-BCB7-124B0C4BA31E}.Debug|Any CPU.ActiveCfg = Debug|Any CPU
		{F011F1E3-34B2-41C4-BCB7-124B0C4BA31E}.Debug|Any CPU.Build.0 = Debug|Any CPU
		{F011F1E3-34B2-41C4-BCB7-124B0C4BA31E}.Release|Any CPU.ActiveCfg = Release|Any CPU
		{F011F1E3-34B2-41C4-BCB7-124B0C4BA31E}.Release|Any CPU.Build.0 = Release|Any CPU
		{3E1B2A53-9B8D-4618-B5EF-16ABFC78F0FB}.Debug|Any CPU.ActiveCfg = Debug|Any CPU
		{3E1B2A53-9B8D-4618-B5EF-16ABFC78F0FB}.Debug|Any CPU.Build.0 = Debug|Any CPU
		{3E1B2A53-9B8D-4618-B5EF-16ABFC78F0FB}.Release|Any CPU.ActiveCfg = Release|Any CPU
		{3E1B2A53-9B8D-4618-B5EF-16ABFC78F0FB}.Release|Any CPU.Build.0 = Release|Any CPU
	EndGlobalSection
	GlobalSection(SolutionProperties) = preSolution
		HideSolutionNode = FALSE
	EndGlobalSection
	GlobalSection(ExtensibilityGlobals) = postSolution
		SolutionGuid = {228145C7-41FC-48E4-B4B9-05898CA6084A}
	EndGlobalSection
EndGlobal
